
Microsoft Visual Studio Solution File, Format Version 12.00
# Visual Studio 14
VisualStudioVersion = 14.0.25123.0
MinimumVisualStudioVersion = 10.0.40219.1
Project("{FAE04EC0-301F-11D3-BF4B-00C04F79EFBC}") = "ShopAdvisor", "ShopAdvisor\ShopAdvisor.csproj", "{6370C7A2-A28B-47C5-BC49-B51B4844A8AC}"
EndProject
Project("{FAE04EC0-301F-11D3-BF4B-00C04F79EFBC}") = "DataShopAdvisor", "DataShopAdvisor\DataShopAdvisor.csproj", "{04F52373-9CA9-48DE-8798-A5A604515348}"
EndProject
Project("{FAE04EC0-301F-11D3-BF4B-00C04F79EFBC}") = "EntidadesShopAdvisor", "EntidadesShopAdvisor\EntidadesShopAdvisor.csproj", "{CCA37E5B-3C77-4BA3-8484-F14A234C9764}"
EndProject
Project("{FAE04EC0-301F-11D3-BF4B-00C04F79EFBC}") = "BIShopAdvisor", "BIShopAdvisor\BIShopAdvisor.csproj", "{A4958C9D-4AAB-431E-A788-F180A8E6DACE}"
EndProject
Global
	GlobalSection(SolutionConfigurationPlatforms) = preSolution
		Debug|Any CPU = Debug|Any CPU
		Release|Any CPU = Release|Any CPU
	EndGlobalSection
	GlobalSection(ProjectConfigurationPlatforms) = postSolution
		{6370C7A2-A28B-47C5-BC49-B51B4844A8AC}.Debug|Any CPU.ActiveCfg = Debug|Any CPU
		{6370C7A2-A28B-47C5-BC49-B51B4844A8AC}.Debug|Any CPU.Build.0 = Debug|Any CPU
		{6370C7A2-A28B-47C5-BC49-B51B4844A8AC}.Release|Any CPU.ActiveCfg = Release|Any CPU
		{6370C7A2-A28B-47C5-BC49-B51B4844A8AC}.Release|Any CPU.Build.0 = Release|Any CPU
		{04F52373-9CA9-48DE-8798-A5A604515348}.Debug|Any CPU.ActiveCfg = Debug|Any CPU
		{04F52373-9CA9-48DE-8798-A5A604515348}.Debug|Any CPU.Build.0 = Debug|Any CPU
		{04F52373-9CA9-48DE-8798-A5A604515348}.Release|Any CPU.ActiveCfg = Release|Any CPU
		{04F52373-9CA9-48DE-8798-A5A604515348}.Release|Any CPU.Build.0 = Release|Any CPU
		{CCA37E5B-3C77-4BA3-8484-F14A234C9764}.Debug|Any CPU.ActiveCfg = Debug|Any CPU
		{CCA37E5B-3C77-4BA3-8484-F14A234C9764}.Debug|Any CPU.Build.0 = Debug|Any CPU
		{CCA37E5B-3C77-4BA3-8484-F14A234C9764}.Release|Any CPU.ActiveCfg = Release|Any CPU
		{CCA37E5B-3C77-4BA3-8484-F14A234C9764}.Release|Any CPU.Build.0 = Release|Any CPU
		{A4958C9D-4AAB-431E-A788-F180A8E6DACE}.Debug|Any CPU.ActiveCfg = Debug|Any CPU
		{A4958C9D-4AAB-431E-A788-F180A8E6DACE}.Debug|Any CPU.Build.0 = Debug|Any CPU
		{A4958C9D-4AAB-431E-A788-F180A8E6DACE}.Release|Any CPU.ActiveCfg = Release|Any CPU
		{A4958C9D-4AAB-431E-A788-F180A8E6DACE}.Release|Any CPU.Build.0 = Release|Any CPU
	EndGlobalSection
	GlobalSection(SolutionProperties) = preSolution
		HideSolutionNode = FALSE
	EndGlobalSection
EndGlobal
